
Microsoft Visual Studio Solution File, Format Version 12.00
# Visual Studio 15
VisualStudioVersion = 15.0.28307.539
MinimumVisualStudioVersion = 10.0.40219.1
Project("{8BC9CEB8-8B4A-11D0-8D11-00A0C91BC942}") = "Reversi_practice", "Reversi_practice\Reversi_practice.vcxproj", "{0FA5ACAF-9636-42CC-B311-CE390286CFDD}"
EndProject
Global
	GlobalSection(SolutionConfigurationPlatforms) = preSolution
		Debug|x64 = Debug|x64
		Debug|x86 = Debug|x86
		Release|x64 = Release|x64
		Release|x86 = Release|x86
	EndGlobalSection
	GlobalSection(ProjectConfigurationPlatforms) = postSolution
		{0FA5ACAF-9636-42CC-B311-CE390286CFDD}.Debug|x64.ActiveCfg = Debug|x64
		{0FA5ACAF-9636-42CC-B311-CE390286CFDD}.Debug|x64.Build.0 = Debug|x64
		{0FA5ACAF-9636-42CC-B311-CE390286CFDD}.Debug|x86.ActiveCfg = Debug|Win32
		{0FA5ACAF-9636-42CC-B311-CE390286CFDD}.Debug|x86.Build.0 = Debug|Win32
		{0FA5ACAF-9636-42CC-B311-CE390286CFDD}.Release|x64.ActiveCfg = Release|x64
		{0FA5ACAF-9636-42CC-B311-CE390286CFDD}.Release|x64.Build.0 = Release|x64
		{0FA5ACAF-9636-42CC-B311-CE390286CFDD}.Release|x86.ActiveCfg = Release|Win32
		{0FA5ACAF-9636-42CC-B311-CE390286CFDD}.Release|x86.Build.0 = Release|Win32
	EndGlobalSection
	GlobalSection(SolutionProperties) = preSolution
		HideSolutionNode = FALSE
	EndGlobalSection
	GlobalSection(ExtensibilityGlobals) = postSolution
		SolutionGuid = {C4C9B1F7-96A7-4F4C-9584-9223A0F5AFB0}
	EndGlobalSection
EndGlobal
